
Microsoft Visual Studio Solution File, Format Version 12.00
# Visual Studio Version 17
VisualStudioVersion = 17.7.34031.279
MinimumVisualStudioVersion = 10.0.40219.1
Project("{FAE04EC0-301F-11D3-BF4B-00C04F79EFBC}") = "TarotGame.Web", "TarotGame.Web\TarotGame.Web.csproj", "{46DB0FAA-7B6A-41FB-AB39-BD28E8C2B108}"
EndProject
Project("{FAE04EC0-301F-11D3-BF4B-00C04F79EFBC}") = "TarotGame.Core", "TarotGame.Core\TarotGame.Core.csproj", "{8C0B61FE-E964-44B8-ACE8-B6B12B2AA747}"
EndProject
Project("{FAE04EC0-301F-11D3-BF4B-00C04F79EFBC}") = "TarotGame.Infrastructure", "TarotGame.Infrastructure\TarotGame.Infrastructure.csproj", "{9F52BB4C-CDAE-4384-9638-7C7A3E671CE8}"
EndProject
Global
	GlobalSection(SolutionConfigurationPlatforms) = preSolution
		Debug|Any CPU = Debug|Any CPU
		Release|Any CPU = Release|Any CPU
	EndGlobalSection
	GlobalSection(ProjectConfigurationPlatforms) = postSolution
		{46DB0FAA-7B6A-41FB-AB39-BD28E8C2B108}.Debug|Any CPU.ActiveCfg = Debug|Any CPU
		{46DB0FAA-7B6A-41FB-AB39-BD28E8C2B108}.Debug|Any CPU.Build.0 = Debug|Any CPU
		{46DB0FAA-7B6A-41FB-AB39-BD28E8C2B108}.Release|Any CPU.ActiveCfg = Release|Any CPU
		{46DB0FAA-7B6A-41FB-AB39-BD28E8C2B108}.Release|Any CPU.Build.0 = Release|Any CPU
		{8C0B61FE-E964-44B8-ACE8-B6B12B2AA747}.Debug|Any CPU.ActiveCfg = Debug|Any CPU
		{8C0B61FE-E964-44B8-ACE8-B6B12B2AA747}.Debug|Any CPU.Build.0 = Debug|Any CPU
		{8C0B61FE-E964-44B8-ACE8-B6B12B2AA747}.Release|Any CPU.ActiveCfg = Release|Any CPU
		{8C0B61FE-E964-44B8-ACE8-B6B12B2AA747}.Release|Any CPU.Build.0 = Release|Any CPU
		{9F52BB4C-CDAE-4384-9638-7C7A3E671CE8}.Debug|Any CPU.ActiveCfg = Debug|Any CPU
		{9F52BB4C-CDAE-4384-9638-7C7A3E671CE8}.Debug|Any CPU.Build.0 = Debug|Any CPU
		{9F52BB4C-CDAE-4384-9638-7C7A3E671CE8}.Release|Any CPU.ActiveCfg = Release|Any CPU
		{9F52BB4C-CDAE-4384-9638-7C7A3E671CE8}.Release|Any CPU.Build.0 = Release|Any CPU
	EndGlobalSection
	GlobalSection(SolutionProperties) = preSolution
		HideSolutionNode = FALSE
	EndGlobalSection
	GlobalSection(ExtensibilityGlobals) = postSolution
		SolutionGuid = {9C49D8C9-4A76-4195-A89B-918776865989}
	EndGlobalSection
EndGlobal
